// !$*UTF8*$!
{
	archiveVersion = 1;
	classes = {
	};
	objectVersion = 46;
	objects = {

/* Begin PBXBuildFile section */
		F639DB911C1FACFA00B7DD66 /* AppDelegate.swift in Sources */ = {isa = PBXBuildFile; fileRef = F639DB901C1FACFA00B7DD66 /* AppDelegate.swift */; };
		F639DB931C1FACFA00B7DD66 /* ViewController.swift in Sources */ = {isa = PBXBuildFile; fileRef = F639DB921C1FACFA00B7DD66 /* ViewController.swift */; };
		F639DB961C1FACFA00B7DD66 /* Main.storyboard in Resources */ = {isa = PBXBuildFile; fileRef = F639DB941C1FACFA00B7DD66 /* Main.storyboard */; };
		F639DB981C1FACFA00B7DD66 /* Assets.xcassets in Resources */ = {isa = PBXBuildFile; fileRef = F639DB971C1FACFA00B7DD66 /* Assets.xcassets */; };
		F639DB9B1C1FACFA00B7DD66 /* LaunchScreen.storyboard in Resources */ = {isa = PBXBuildFile; fileRef = F639DB991C1FACFA00B7DD66 /* LaunchScreen.storyboard */; };
		F639DBA61C1FACFA00B7DD66 /* TipCalculatorTests.swift in Sources */ = {isa = PBXBuildFile; fileRef = F639DBA51C1FACFA00B7DD66 /* TipCalculatorTests.swift */; };
		F639DBB11C1FACFA00B7DD66 /* TipCalculatorUITests.swift in Sources */ = {isa = PBXBuildFile; fileRef = F639DBB01C1FACFA00B7DD66 /* TipCalculatorUITests.swift */; };
/* End PBXBuildFile section */

/* Begin PBXContainerItemProxy section */
		F639DBA21C1FACFA00B7DD66 /* PBXContainerItemProxy */ = {
			isa = PBXContainerItemProxy;
			containerPortal = F639DB851C1FACFA00B7DD66 /* Project object */;
			proxyType = 1;
			remoteGlobalIDString = F639DB8C1C1FACFA00B7DD66;
			remoteInfo = TipCalculator;
		};
		F639DBAD1C1FACFA00B7DD66 /* PBXContainerItemProxy */ = {
			isa = PBXContainerItemProxy;
			containerPortal = F639DB851C1FACFA00B7DD66 /* Project object */;
			proxyType = 1;
			remoteGlobalIDString = F639DB8C1C1FACFA00B7DD66;
			remoteInfo = TipCalculator;
		};
/* End PBXContainerItemProxy section */

/* Begin PBXFileReference section */
		F639DB8D1C1FACFA00B7DD66 /* TipCalculator.app */ = {isa = PBXFileReference; explicitFileType = wrapper.application; includeInIndex = 0; path = TipCalculator.app; sourceTree = BUILT_PRODUCTS_DIR; };
		F639DB901C1FACFA00B7DD66 /* AppDelegate.swift */ = {isa = PBXFileReference; lastKnownFileType = sourcecode.swift; path = AppDelegate.swift; sourceTree = "<group>"; };
		F639DB921C1FACFA00B7DD66 /* ViewController.swift */ = {isa = PBXFileReference; lastKnownFileType = sourcecode.swift; path = ViewController.swift; sourceTree = "<group>"; };
		F639DB951C1FACFA00B7DD66 /* Base */ = {isa = PBXFileReference; lastKnownFileType = file.storyboard; name = Base; path = Base.lproj/Main.storyboard; sourceTree = "<group>"; };
		F639DB971C1FACFA00B7DD66 /* Assets.xcassets */ = {isa = PBXFileReference; lastKnownFileType = folder.assetcatalog; path = Assets.xcassets; sourceTree = "<group>"; };
		F639DB9A1C1FACFA00B7DD66 /* Base */ = {isa = PBXFileReference; lastKnownFileType = file.storyboard; name = Base; path = Base.lproj/LaunchScreen.storyboard; sourceTree = "<group>"; };
		F639DB9C1C1FACFA00B7DD66 /* Info.plist */ = {isa = PBXFileReference; lastKnownFileType = text.plist.xml; path = Info.plist; sourceTree = "<group>"; };
		F639DBA11C1FACFA00B7DD66 /* TipCalculatorTests.xctest */ = {isa = PBXFileReference; explicitFileType = wrapper.cfbundle; includeInIndex = 0; path = TipCalculatorTests.xctest; sourceTree = BUILT_PRODUCTS_DIR; };
		F639DBA51C1FACFA00B7DD66 /* TipCalculatorTests.swift */ = {isa = PBXFileReference; lastKnownFileType = sourcecode.swift; path = TipCalculatorTests.swift; sourceTree = "<group>"; };
		F639DBA71C1FACFA00B7DD66 /* Info.plist */ = {isa = PBXFileReference; lastKnownFileType = text.plist.xml; path = Info.plist; sourceTree = "<group>"; };
		F639DBAC1C1FACFA00B7DD66 /* TipCalculatorUITests.xctest */ = {isa = PBXFileReference; explicitFileType = wrapper.cfbundle; includeInIndex = 0; path = TipCalculatorUITests.xctest; sourceTree = BUILT_PRODUCTS_DIR; };
		F639DBB01C1FACFA00B7DD66 /* TipCalculatorUITests.swift */ = {isa = PBXFileReference; lastKnownFileType = sourcecode.swift; path = TipCalculatorUITests.swift; sourceTree = "<group>"; };
		F639DBB21C1FACFA00B7DD66 /* Info.plist */ = {isa = PBXFileReference; lastKnownFileType = text.plist.xml; path = Info.plist; sourceTree = "<group>"; };
/* End PBXFileReference section */

/* Begin PBXFrameworksBuildPhase section */
		F639DB8A1C1FACFA00B7DD66 /* Frameworks */ = {
			isa = PBXFrameworksBuildPhase;
			buildActionMask = 2147483647;
			files = (
			);
			runOnlyForDeploymentPostprocessing = 0;
		};
		F639DB9E1C1FACFA00B7DD66 /* Frameworks */ = {
			isa = PBXFrameworksBuildPhase;
			buildActionMask = 2147483647;
			files = (
			);
			runOnlyForDeploymentPostprocessing = 0;
		};
		F639DBA91C1FACFA00B7DD66 /* Frameworks */ = {
			isa = PBXFrameworksBuildPhase;
			buildActionMask = 2147483647;
			files = (
			);
			runOnlyForDeploymentPostprocessing = 0;
		};
/* End PBXFrameworksBuildPhase section */

/* Begin PBXGroup section */
		F639DB841C1FACFA00B7DD66 = {
			isa = PBXGroup;
			children = (
				F639DB8F1C1FACFA00B7DD66 /* TipCalculator */,
				F639DBA41C1FACFA00B7DD66 /* TipCalculatorTests */,
				F639DBAF1C1FACFA00B7DD66 /* TipCalculatorUITests */,
				F639DB8E1C1FACFA00B7DD66 /* Products */,
			);
			sourceTree = "<group>";
		};
		F639DB8E1C1FACFA00B7DD66 /* Products */ = {
			isa = PBXGroup;
			children = (
				F639DB8D1C1FACFA00B7DD66 /* TipCalculator.app */,
				F639DBA11C1FACFA00B7DD66 /* TipCalculatorTests.xctest */,
				F639DBAC1C1FACFA00B7DD66 /* TipCalculatorUITests.xctest */,
			);
			name = Products;
			sourceTree = "<group>";
		};
		F639DB8F1C1FACFA00B7DD66 /* TipCalculator */ = {
			isa = PBXGroup;
			children = (
				F639DB901C1FACFA00B7DD66 /* AppDelegate.swift */,
				F639DB921C1FACFA00B7DD66 /* ViewController.swift */,
				F639DB941C1FACFA00B7DD66 /* Main.storyboard */,
				F639DB971C1FACFA00B7DD66 /* Assets.xcassets */,
				F639DB991C1FACFA00B7DD66 /* LaunchScreen.storyboard */,
				F639DB9C1C1FACFA00B7DD66 /* Info.plist */,
			);
			path = TipCalculator;
			sourceTree = "<group>";
		};
		F639DBA41C1FACFA00B7DD66 /* TipCalculatorTests */ = {
			isa = PBXGroup;
			children = (
				F639DBA51C1FACFA00B7DD66 /* TipCalculatorTests.swift */,
				F639DBA71C1FACFA00B7DD66 /* Info.plist */,
			);
			path = TipCalculatorTests;
			sourceTree = "<group>";
		};
		F639DBAF1C1FACFA00B7DD66 /* TipCalculatorUITests */ = {
			isa = PBXGroup;
			children = (
				F639DBB01C1FACFA00B7DD66 /* TipCalculatorUITests.swift */,
				F639DBB21C1FACFA00B7DD66 /* Info.plist */,
			);
			path = TipCalculatorUITests;
			sourceTree = "<group>";
		};
/* End PBXGroup section */

/* Begin PBXNativeTarget section */
		F639DB8C1C1FACFA00B7DD66 /* TipCalculator */ = {
			isa = PBXNativeTarget;
			buildConfigurationList = F639DBB51C1FACFA00B7DD66 /* Build configuration list for PBXNativeTarget "TipCalculator" */;
			buildPhases = (
				F639DB891C1FACFA00B7DD66 /* Sources */,
				F639DB8A1C1FACFA00B7DD66 /* Frameworks */,
				F639DB8B1C1FACFA00B7DD66 /* Resources */,
			);
			buildRules = (
			);
			dependencies = (
			);
			name = TipCalculator;
			productName = TipCalculator;
			productReference = F639DB8D1C1FACFA00B7DD66 /* TipCalculator.app */;
			productType = "com.apple.product-type.application";
		};
		F639DBA01C1FACFA00B7DD66 /* TipCalculatorTests */ = {
			isa = PBXNativeTarget;
			buildConfigurationList = F639DBB81C1FACFA00B7DD66 /* Build configuration list for PBXNativeTarget "TipCalculatorTests" */;
			buildPhases = (
				F639DB9D1C1FACFA00B7DD66 /* Sources */,
				F639DB9E1C1FACFA00B7DD66 /* Frameworks */,
				F639DB9F1C1FACFA00B7DD66 /* Resources */,
			);
			buildRules = (
			);
			dependencies = (
				F639DBA31C1FACFA00B7DD66 /* PBXTargetDependency */,
			);
			name = TipCalculatorTests;
			productName = TipCalculatorTests;
			productReference = F639DBA11C1FACFA00B7DD66 /* TipCalculatorTests.xctest */;
			productType = "com.apple.product-type.bundle.unit-test";
		};
		F639DBAB1C1FACFA00B7DD66 /* TipCalculatorUITests */ = {
			isa = PBXNativeTarget;
			buildConfigurationList = F639DBBB1C1FACFA00B7DD66 /* Build configuration list for PBXNativeTarget "TipCalculatorUITests" */;
			buildPhases = (
				F639DBA81C1FACFA00B7DD66 /* Sources */,
				F639DBA91C1FACFA00B7DD66 /* Frameworks */,
				F639DBAA1C1FACFA00B7DD66 /* Resources */,
			);
			buildRules = (
			);
			dependencies = (
				F639DBAE1C1FACFA00B7DD66 /* PBXTargetDependency */,
			);
			name = TipCalculatorUITests;
			productName = TipCalculatorUITests;
			productReference = F639DBAC1C1FACFA00B7DD66 /* TipCalculatorUITests.xctest */;
			productType = "com.apple.product-type.bundle.ui-testing";
		};
/* End PBXNativeTarget section */

/* Begin PBXProject section */
		F639DB851C1FACFA00B7DD66 /* Project object */ = {
			isa = PBXProject;
			attributes = {
				LastUpgradeCheck = 0700;
				ORGANIZATIONNAME = "Javier Bustillo";
				TargetAttributes = {
					F639DB8C1C1FACFA00B7DD66 = {
						CreatedOnToolsVersion = 7.0;
					};
					F639DBA01C1FACFA00B7DD66 = {
						CreatedOnToolsVersion = 7.0;
						TestTargetID = F639DB8C1C1FACFA00B7DD66;
					};
					F639DBAB1C1FACFA00B7DD66 = {
						CreatedOnToolsVersion = 7.0;
						TestTargetID = F639DB8C1C1FACFA00B7DD66;
					};
				};
			};
			buildConfigurationList = F639DB881C1FACFA00B7DD66 /* Build configuration list for PBXProject "TipCalculator" */;
			compatibilityVersion = "Xcode 3.2";
			developmentRegion = English;
			hasScannedForEncodings = 0;
			knownRegions = (
				en,
				Base,
			);
			mainGroup = F639DB841C1FACFA00B7DD66;
			productRefGroup = F639DB8E1C1FACFA00B7DD66 /* Products */;
			projectDirPath = "";
			projectRoot = "";
			targets = (
				F639DB8C1C1FACFA00B7DD66 /* TipCalculator */,
				F639DBA01C1FACFA00B7DD66 /* TipCalculatorTests */,
				F639DBAB1C1FACFA00B7DD66 /* TipCalculatorUITests */,
			);
		};
/* End PBXProject section */

/* Begin PBXResourcesBuildPhase section */
		F639DB8B1C1FACFA00B7DD66 /* Resources */ = {
			isa = PBXResourcesBuildPhase;
			buildActionMask = 2147483647;
			files = (
				F639DB9B1C1FACFA00B7DD66 /* LaunchScreen.storyboard in Resources */,
				F639DB981C1FACFA00B7DD66 /* Assets.xcassets in Resources */,
				F639DB961C1FACFA00B7DD66 /* Main.storyboard in Resources */,
			);
			runOnlyForDeploymentPostprocessing = 0;
		};
		F639DB9F1C1FACFA00B7DD66 /* Resources */ = {
			isa = PBXResourcesBuildPhase;
			buildActionMask = 2147483647;
			files = (
			);
			runOnlyForDeploymentPostprocessing = 0;
		};
		F639DBAA1C1FACFA00B7DD66 /* Resources */ = {
			isa = PBXResourcesBuildPhase;
			buildActionMask = 2147483647;
			files = (
			);
			runOnlyForDeploymentPostprocessing = 0;
		};
/* End PBXResourcesBuildPhase section */

/* Begin PBXSourcesBuildPhase section */
		F639DB891C1FACFA00B7DD66 /* Sources */ = {
			isa = PBXSourcesBuildPhase;
			buildActionMask = 2147483647;
			files = (
				F639DB931C1FACFA00B7DD66 /* ViewController.swift in Sources */,
				F639DB911C1FACFA00B7DD66 /* AppDelegate.swift in Sources */,
			);
			runOnlyForDeploymentPostprocessing = 0;
		};
		F639DB9D1C1FACFA00B7DD66 /* Sources */ = {
			isa = PBXSourcesBuildPhase;
			buildActionMask = 2147483647;
			files = (
				F639DBA61C1FACFA00B7DD66 /* TipCalculatorTests.swift in Sources */,
			);
			runOnlyForDeploymentPostprocessing = 0;
		};
		F639DBA81C1FACFA00B7DD66 /* Sources */ = {
			isa = PBXSourcesBuildPhase;
			buildActionMask = 2147483647;
			files = (
				F639DBB11C1FACFA00B7DD66 /* TipCalculatorUITests.swift in Sources */,
			);
			runOnlyForDeploymentPostprocessing = 0;
		};
/* End PBXSourcesBuildPhase section */

/* Begin PBXTargetDependency section */
		F639DBA31C1FACFA00B7DD66 /* PBXTargetDependency */ = {
			isa = PBXTargetDependency;
			target = F639DB8C1C1FACFA00B7DD66 /* TipCalculator */;
			targetProxy = F639DBA21C1FACFA00B7DD66 /* PBXContainerItemProxy */;
		};
		F639DBAE1C1FACFA00B7DD66 /* PBXTargetDependency */ = {
			isa = PBXTargetDependency;
			target = F639DB8C1C1FACFA00B7DD66 /* TipCalculator */;
			targetProxy = F639DBAD1C1FACFA00B7DD66 /* PBXContainerItemProxy */;
		};
/* End PBXTargetDependency section */

/* Begin PBXVariantGroup section */
		F639DB941C1FACFA00B7DD66 /* Main.storyboard */ = {
			isa = PBXVariantGroup;
			children = (
				F639DB951C1FACFA00B7DD66 /* Base */,
			);
			name = Main.storyboard;
			sourceTree = "<group>";
		};
		F639DB991C1FACFA00B7DD66 /* LaunchScreen.storyboard */ = {
			isa = PBXVariantGroup;
			children = (
				F639DB9A1C1FACFA00B7DD66 /* Base */,
			);
			name = LaunchScreen.storyboard;
			sourceTree = "<group>";
		};
/* End PBXVariantGroup section */

/* Begin XCBuildConfiguration section */
		F639DBB31C1FACFA00B7DD66 /* Debug */ = {
			isa = XCBuildConfiguration;
			buildSettings = {
				ALWAYS_SEARCH_USER_PATHS = NO;
				CLANG_CXX_LANGUAGE_STANDARD = "gnu++0x";
				CLANG_CXX_LIBRARY = "libc++";
				CLANG_ENABLE_MODULES = YES;
				CLANG_ENABLE_OBJC_ARC = YES;
				CLANG_WARN_BOOL_CONVERSION = YES;
				CLANG_WARN_CONSTANT_CONVERSION = YES;
				CLANG_WARN_DIRECT_OBJC_ISA_USAGE = YES_ERROR;
				CLANG_WARN_EMPTY_BODY = YES;
				CLANG_WARN_ENUM_CONVERSION = YES;
				CLANG_WARN_INT_CONVERSION = YES;
				CLANG_WARN_OBJC_ROOT_CLASS = YES_ERROR;
				CLANG_WARN_UNREACHABLE_CODE = YES;
				CLANG_WARN__DUPLICATE_METHOD_MATCH = YES;
				"CODE_SIGN_IDENTITY[sdk=iphoneos*]" = "iPhone Developer";
				COPY_PHASE_STRIP = NO;
				DEBUG_INFORMATION_FORMAT = dwarf;
				ENABLE_STRICT_OBJC_MSGSEND = YES;
				ENABLE_TESTABILITY = YES;
				GCC_C_LANGUAGE_STANDARD = gnu99;
				GCC_DYNAMIC_NO_PIC = NO;
				GCC_NO_COMMON_BLOCKS = YES;
				GCC_OPTIMIZATION_LEVEL = 0;
				GCC_PREPROCESSOR_DEFINITIONS = (
					"DEBUG=1",
					"$(inherited)",
				);
				GCC_WARN_64_TO_32_BIT_CONVERSION = YES;
				GCC_WARN_ABOUT_RETURN_TYPE = YES_ERROR;
				GCC_WARN_UNDECLARED_SELECTOR = YES;
				GCC_WARN_UNINITIALIZED_AUTOS = YES_AGGRESSIVE;
				GCC_WARN_UNUSED_FUNCTION = YES;
				GCC_WARN_UNUSED_VARIABLE = YES;
				IPHONEOS_DEPLOYMENT_TARGET = 9.0;
				MTL_ENABLE_DEBUG_INFO = YES;
				ONLY_ACTIVE_ARCH = YES;
				SDKROOT = iphoneos;
				SWIFT_OPTIMIZATION_LEVEL = "-Onone";
				TARGETED_DEVICE_FAMILY = "1,2";
			};
			name = Debug;
		};
		F639DBB41C1FACFA00B7DD66 /* Release */ = {
			isa = XCBuildConfiguration;
			buildSettings = {
				ALWAYS_SEARCH_USER_PATHS = NO;
				CLANG_CXX_LANGUAGE_STANDARD = "gnu++0x";
				CLANG_CXX_LIBRARY = "libc++";
				CLANG_ENABLE_MODULES = YES;
				CLANG_ENABLE_OBJC_ARC = YES;
				CLANG_WARN_BOOL_CONVERSION = YES;
				CLANG_WARN_CONSTANT_CONVERSION = YES;
				CLANG_WARN_DIRECT_OBJC_ISA_USAGE = YES_ERROR;
				CLANG_WARN_EMPTY_BODY = YES;
				CLANG_WARN_ENUM_CONVERSION = YES;
				CLANG_WARN_INT_CONVERSION = YES;
				CLANG_WARN_OBJC_ROOT_CLASS = YES_ERROR;
				CLANG_WARN_UNREACHABLE_CODE = YES;
				CLANG_WARN__DUPLICATE_METHOD_MATCH = YES;
				"CODE_SIGN_IDENTITY[sdk=iphoneos*]" = "iPhone Developer";
				COPY_PHASE_STRIP = NO;
				DEBUG_INFORMATION_FORMAT = "dwarf-with-dsym";
				ENABLE_NS_ASSERTIONS = NO;
				ENABLE_STRICT_OBJC_MSGSEND = YES;
				GCC_C_LANGUAGE_STANDARD = gnu99;
				GCC_NO_COMMON_BLOCKS = YES;
				GCC_WARN_64_TO_32_BIT_CONVERSION = YES;
				GCC_WARN_ABOUT_RETURN_TYPE = YES_ERROR;
				GCC_WARN_UNDECLARED_SELECTOR = YES;
				GCC_WARN_UNINITIALIZED_AUTOS = YES_AGGRESSIVE;
				GCC_WARN_UNUSED_FUNCTION = YES;
				GCC_WARN_UNUSED_VARIABLE = YES;
				IPHONEOS_DEPLOYMENT_TARGET = 9.0;
				MTL_ENABLE_DEBUG_INFO = NO;
				SDKROOT = iphoneos;
				TARGETED_DEVICE_FAMILY = "1,2";
				VALIDATE_PRODUCT = YES;
			};
			name = Release;
		};
		F639DBB61C1FACFA00B7DD66 /* Debug */ = {
			isa = XCBuildConfiguration;
			buildSettings = {
				ASSETCATALOG_COMPILER_APPICON_NAME = AppIcon;
				INFOPLIST_FILE = TipCalculator/Info.plist;
				LD_RUNPATH_SEARCH_PATHS = "$(inherited) @executable_path/Frameworks";
				PRODUCT_BUNDLE_IDENTIFIER = Javdav.TipCalculator;
				PRODUCT_NAME = "$(TARGET_NAME)";
			};
			name = Debug;
		};
		F639DBB71C1FACFA00B7DD66 /* Release */ = {
			isa = XCBuildConfiguration;
			buildSettings = {
				ASSETCATALOG_COMPILER_APPICON_NAME = AppIcon;
				INFOPLIST_FILE = TipCalculator/Info.plist;
				LD_RUNPATH_SEARCH_PATHS = "$(inherited) @executable_path/Frameworks";
				PRODUCT_BUNDLE_IDENTIFIER = Javdav.TipCalculator;
				PRODUCT_NAME = "$(TARGET_NAME)";
			};
			name = Release;
		};
		F639DBB91C1FACFA00B7DD66 /* Debug */ = {
			isa = XCBuildConfiguration;
			buildSettings = {
				BUNDLE_LOADER = "$(TEST_HOST)";
				INFOPLIST_FILE = TipCalculatorTests/Info.plist;
				LD_RUNPATH_SEARCH_PATHS = "$(inherited) @executable_path/Frameworks @loader_path/Frameworks";
				PRODUCT_BUNDLE_IDENTIFIER = Javdav.TipCalculatorTests;
				PRODUCT_NAME = "$(TARGET_NAME)";
				TEST_HOST = "$(BUILT_PRODUCTS_DIR)/TipCalculator.app/TipCalculator";
			};
			name = Debug;
		};
		F639DBBA1C1FACFA00B7DD66 /* Release */ = {
			isa = XCBuildConfiguration;
			buildSettings = {
				BUNDLE_LOADER = "$(TEST_HOST)";
				INFOPLIST_FILE = TipCalculatorTests/Info.plist;
				LD_RUNPATH_SEARCH_PATHS = "$(inherited) @executable_path/Frameworks @loader_path/Frameworks";
				PRODUCT_BUNDLE_IDENTIFIER = Javdav.TipCalculatorTests;
				PRODUCT_NAME = "$(TARGET_NAME)";
				TEST_HOST = "$(BUILT_PRODUCTS_DIR)/TipCalculator.app/TipCalculator";
			};
			name = Release;
		};
		F639DBBC1C1FACFA00B7DD66 /* Debug */ = {
			isa = XCBuildConfiguration;
			buildSettings = {
				INFOPLIST_FILE = TipCalculatorUITests/Info.plist;
				LD_RUNPATH_SEARCH_PATHS = "$(inherited) @executable_path/Frameworks @loader_path/Frameworks";
				PRODUCT_BUNDLE_IDENTIFIER = Javdav.TipCalculatorUITests;
				PRODUCT_NAME = "$(TARGET_NAME)";
				TEST_TARGET_NAME = TipCalculator;
				USES_XCTRUNNER = YES;
			};
			name = Debug;
		};
		F639DBBD1C1FACFA00B7DD66 /* Release */ = {
			isa = XCBuildConfiguration;
			buildSettings = {
				INFOPLIST_FILE = TipCalculatorUITests/Info.plist;
				LD_RUNPATH_SEARCH_PATHS = "$(inherited) @executable_path/Frameworks @loader_path/Frameworks";
				PRODUCT_BUNDLE_IDENTIFIER = Javdav.TipCalculatorUITests;
				PRODUCT_NAME = "$(TARGET_NAME)";
				TEST_TARGET_NAME = TipCalculator;
				USES_XCTRUNNER = YES;
			};
			name = Release;
		};
/* End XCBuildConfiguration section */

/* Begin XCConfigurationList section */
		F639DB881C1FACFA00B7DD66 /* Build configuration list for PBXProject "TipCalculator" */ = {
			isa = XCConfigurationList;
			buildConfigurations = (
				F639DBB31C1FACFA00B7DD66 /* Debug */,
				F639DBB41C1FACFA00B7DD66 /* Release */,
			);
			defaultConfigurationIsVisible = 0;
			defaultConfigurationName = Release;
		};
		F639DBB51C1FACFA00B7DD66 /* Build configuration list for PBXNativeTarget "TipCalculator" */ = {
			isa = XCConfigurationList;
			buildConfigurations = (
				F639DBB61C1FACFA00B7DD66 /* Debug */,
				F639DBB71C1FACFA00B7DD66 /* Release */,
			);
			defaultConfigurationIsVisible = 0;
		};
		F639DBB81C1FACFA00B7DD66 /* Build configuration list for PBXNativeTarget "TipCalculatorTests" */ = {
			isa = XCConfigurationList;
			buildConfigurations = (
				F639DBB91C1FACFA00B7DD66 /* Debug */,
				F639DBBA1C1FACFA00B7DD66 /* Release */,
			);
			defaultConfigurationIsVisible = 0;
		};
		F639DBBB1C1FACFA00B7DD66 /* Build configuration list for PBXNativeTarget "TipCalculatorUITests" */ = {
			isa = XCConfigurationList;
			buildConfigurations = (
				F639DBBC1C1FACFA00B7DD66 /* Debug */,
				F639DBBD1C1FACFA00B7DD66 /* Release */,
			);
			defaultConfigurationIsVisible = 0;
		};
/* End XCConfigurationList section */
	};
	rootObject = F639DB851C1FACFA00B7DD66 /* Project object */;
}
